
Microsoft Visual Studio Solution File, Format Version 12.00
# Visual Studio Version 17
VisualStudioVersion = 17.1.32210.238
MinimumVisualStudioVersion = 10.0.40219.1
Project("{FAE04EC0-301F-11D3-BF4B-00C04F79EFBC}") = "modul8_1302201137", "modul8_1302201137\modul8_1302201137.csproj", "{C020FCE1-BED8-43EA-A637-5891F3352AF5}"
EndProject
Global
	GlobalSection(SolutionConfigurationPlatforms) = preSolution
		Debug|Any CPU = Debug|Any CPU
		Release|Any CPU = Release|Any CPU
	EndGlobalSection
	GlobalSection(ProjectConfigurationPlatforms) = postSolution
		{C020FCE1-BED8-43EA-A637-5891F3352AF5}.Debug|Any CPU.ActiveCfg = Debug|Any CPU
		{C020FCE1-BED8-43EA-A637-5891F3352AF5}.Debug|Any CPU.Build.0 = Debug|Any CPU
		{C020FCE1-BED8-43EA-A637-5891F3352AF5}.Release|Any CPU.ActiveCfg = Release|Any CPU
		{C020FCE1-BED8-43EA-A637-5891F3352AF5}.Release|Any CPU.Build.0 = Release|Any CPU
	EndGlobalSection
	GlobalSection(SolutionProperties) = preSolution
		HideSolutionNode = FALSE
	EndGlobalSection
	GlobalSection(ExtensibilityGlobals) = postSolution
		SolutionGuid = {69C48BE7-EE51-4044-B1FC-D3180AB466D7}
	EndGlobalSection
EndGlobal
